
Microsoft Visual Studio Solution File, Format Version 12.00
# Visual Studio Version 16
VisualStudioVersion = 16.0.29709.97
MinimumVisualStudioVersion = 10.0.40219.1
Project("{2150E333-8FDC-42A3-9474-1A3956D46DE8}") = "Application", "Application", "{0921A418-2885-43F3-AC49-A8740883AD95}"
EndProject
Project("{2150E333-8FDC-42A3-9474-1A3956D46DE8}") = "Domain", "Domain", "{FDB078F6-DD5D-4B90-8B58-147FC78CF0BF}"
EndProject
Project("{2150E333-8FDC-42A3-9474-1A3956D46DE8}") = "Infrastructure.Data", "Infrastructure.Data", "{5E4DA8D6-B0DA-4FA7-8ED4-8845AE938541}"
EndProject
Project("{2150E333-8FDC-42A3-9474-1A3956D46DE8}") = "Infrastructure.IoC", "Infrastructure.IoC", "{7C14E344-29B1-4275-9D48-12A68C49E7A8}"
EndProject
Project("{2150E333-8FDC-42A3-9474-1A3956D46DE8}") = "Presentation", "Presentation", "{497123DF-8D8B-4915-8389-7BCE83AC8529}"
EndProject
Project("{9A19103F-16F7-4668-BE54-9A1E7A4F7556}") = "CleanArch.Mvc", "CleanArch.Mvc\CleanArch.Mvc.csproj", "{8AE55FCF-0978-4C93-A197-D14E30C93CC1}"
EndProject
Project("{9A19103F-16F7-4668-BE54-9A1E7A4F7556}") = "CleanArch.Domain", "CleanArch.Domain\CleanArch.Domain.csproj", "{3A9C9155-C0DF-4516-993C-F4898522B138}"
EndProject
Project("{9A19103F-16F7-4668-BE54-9A1E7A4F7556}") = "CleanArch.Infra.Data", "CleanArch.Infra.Data\CleanArch.Infra.Data.csproj", "{73B460EA-E85B-4BA4-AC2F-A16749AAE61F}"
	ProjectSection(ProjectDependencies) = postProject
		{3A9C9155-C0DF-4516-993C-F4898522B138} = {3A9C9155-C0DF-4516-993C-F4898522B138}
	EndProjectSection
EndProject
Project("{FAE04EC0-301F-11D3-BF4B-00C04F79EFBC}") = "CleanArch.Infra.IoC", "CleanArch.Infra.IoC\CleanArch.Infra.IoC.csproj", "{D42CCBAF-86C2-49CB-99F3-642C0CA939F2}"
EndProject
Project("{FAE04EC0-301F-11D3-BF4B-00C04F79EFBC}") = "CleanArch.Application", "CleanArch.Application\CleanArch.Application.csproj", "{06117264-1548-421F-B457-7A715CBFA4F7}"
EndProject
Project("{2150E333-8FDC-42A3-9474-1A3956D46DE8}") = "Infrastructure.Bus", "Infrastructure.Bus", "{2DF34034-F112-49F0-A6F0-56A50EB398F6}"
EndProject
Project("{2150E333-8FDC-42A3-9474-1A3956D46DE8}") = "Api", "Api", "{4B2F6722-4A53-47C6-9F35-0E0B0555189F}"
EndProject
Project("{FAE04EC0-301F-11D3-BF4B-00C04F79EFBC}") = "CleanArch.Infra.Bus", "CleanArch.Infra.Bus\CleanArch.Infra.Bus.csproj", "{D2F15237-4837-4373-B92B-21DB7FF5DE12}"
EndProject
Project("{FAE04EC0-301F-11D3-BF4B-00C04F79EFBC}") = "CleanArch.Domain.Core", "CleanArch.Domain.Core\CleanArch.Domain.Core.csproj", "{8742D924-AB3F-4C15-B806-D35C69A1CD25}"
EndProject
Global
	GlobalSection(SolutionConfigurationPlatforms) = preSolution
		Debug|Any CPU = Debug|Any CPU
		Release|Any CPU = Release|Any CPU
	EndGlobalSection
	GlobalSection(ProjectConfigurationPlatforms) = postSolution
		{8AE55FCF-0978-4C93-A197-D14E30C93CC1}.Debug|Any CPU.ActiveCfg = Debug|Any CPU
		{8AE55FCF-0978-4C93-A197-D14E30C93CC1}.Debug|Any CPU.Build.0 = Debug|Any CPU
		{8AE55FCF-0978-4C93-A197-D14E30C93CC1}.Release|Any CPU.ActiveCfg = Release|Any CPU
		{8AE55FCF-0978-4C93-A197-D14E30C93CC1}.Release|Any CPU.Build.0 = Release|Any CPU
		{3A9C9155-C0DF-4516-993C-F4898522B138}.Debug|Any CPU.ActiveCfg = Debug|Any CPU
		{3A9C9155-C0DF-4516-993C-F4898522B138}.Debug|Any CPU.Build.0 = Debug|Any CPU
		{3A9C9155-C0DF-4516-993C-F4898522B138}.Release|Any CPU.ActiveCfg = Release|Any CPU
		{3A9C9155-C0DF-4516-993C-F4898522B138}.Release|Any CPU.Build.0 = Release|Any CPU
		{73B460EA-E85B-4BA4-AC2F-A16749AAE61F}.Debug|Any CPU.ActiveCfg = Debug|Any CPU
		{73B460EA-E85B-4BA4-AC2F-A16749AAE61F}.Debug|Any CPU.Build.0 = Debug|Any CPU
		{73B460EA-E85B-4BA4-AC2F-A16749AAE61F}.Release|Any CPU.ActiveCfg = Release|Any CPU
		{73B460EA-E85B-4BA4-AC2F-A16749AAE61F}.Release|Any CPU.Build.0 = Release|Any CPU
		{D42CCBAF-86C2-49CB-99F3-642C0CA939F2}.Debug|Any CPU.ActiveCfg = Debug|Any CPU
		{D42CCBAF-86C2-49CB-99F3-642C0CA939F2}.Debug|Any CPU.Build.0 = Debug|Any CPU
		{D42CCBAF-86C2-49CB-99F3-642C0CA939F2}.Release|Any CPU.ActiveCfg = Release|Any CPU
		{D42CCBAF-86C2-49CB-99F3-642C0CA939F2}.Release|Any CPU.Build.0 = Release|Any CPU
		{06117264-1548-421F-B457-7A715CBFA4F7}.Debug|Any CPU.ActiveCfg = Debug|Any CPU
		{06117264-1548-421F-B457-7A715CBFA4F7}.Debug|Any CPU.Build.0 = Debug|Any CPU
		{06117264-1548-421F-B457-7A715CBFA4F7}.Release|Any CPU.ActiveCfg = Release|Any CPU
		{06117264-1548-421F-B457-7A715CBFA4F7}.Release|Any CPU.Build.0 = Release|Any CPU
		{D2F15237-4837-4373-B92B-21DB7FF5DE12}.Debug|Any CPU.ActiveCfg = Debug|Any CPU
		{D2F15237-4837-4373-B92B-21DB7FF5DE12}.Debug|Any CPU.Build.0 = Debug|Any CPU
		{D2F15237-4837-4373-B92B-21DB7FF5DE12}.Release|Any CPU.ActiveCfg = Release|Any CPU
		{D2F15237-4837-4373-B92B-21DB7FF5DE12}.Release|Any CPU.Build.0 = Release|Any CPU
		{8742D924-AB3F-4C15-B806-D35C69A1CD25}.Debug|Any CPU.ActiveCfg = Debug|Any CPU
		{8742D924-AB3F-4C15-B806-D35C69A1CD25}.Debug|Any CPU.Build.0 = Debug|Any CPU
		{8742D924-AB3F-4C15-B806-D35C69A1CD25}.Release|Any CPU.ActiveCfg = Release|Any CPU
		{8742D924-AB3F-4C15-B806-D35C69A1CD25}.Release|Any CPU.Build.0 = Release|Any CPU
	EndGlobalSection
	GlobalSection(SolutionProperties) = preSolution
		HideSolutionNode = FALSE
	EndGlobalSection
	GlobalSection(NestedProjects) = preSolution
		{8AE55FCF-0978-4C93-A197-D14E30C93CC1} = {497123DF-8D8B-4915-8389-7BCE83AC8529}
		{3A9C9155-C0DF-4516-993C-F4898522B138} = {FDB078F6-DD5D-4B90-8B58-147FC78CF0BF}
		{73B460EA-E85B-4BA4-AC2F-A16749AAE61F} = {5E4DA8D6-B0DA-4FA7-8ED4-8845AE938541}
		{D42CCBAF-86C2-49CB-99F3-642C0CA939F2} = {7C14E344-29B1-4275-9D48-12A68C49E7A8}
		{06117264-1548-421F-B457-7A715CBFA4F7} = {0921A418-2885-43F3-AC49-A8740883AD95}
		{D2F15237-4837-4373-B92B-21DB7FF5DE12} = {2DF34034-F112-49F0-A6F0-56A50EB398F6}
		{8742D924-AB3F-4C15-B806-D35C69A1CD25} = {FDB078F6-DD5D-4B90-8B58-147FC78CF0BF}
	EndGlobalSection
	GlobalSection(ExtensibilityGlobals) = postSolution
		SolutionGuid = {6E47BF66-008D-4DDC-AE46-D6C30B602DAE}
	EndGlobalSection
EndGlobal
